
Microsoft Visual Studio Solution File, Format Version 12.00
# Visual Studio Version 17
VisualStudioVersion = 17.10.35013.160
MinimumVisualStudioVersion = 10.0.40219.1
Project("{2150E333-8FDC-42A3-9474-1A3956D46DE8}") = "BackEnd", "BackEnd", "{14C50F07-725D-4C5E-9E1B-0BF83FE8CA44}"
EndProject
Project("{2150E333-8FDC-42A3-9474-1A3956D46DE8}") = "Infrastructure", "Infrastructure", "{C8AC766C-422B-404D-9423-CE0B279CE049}"
EndProject
Project("{2150E333-8FDC-42A3-9474-1A3956D46DE8}") = "FrontEnd", "FrontEnd", "{ECF65B04-5A71-4BEB-A8B8-E5FF2C72E4EC}"
EndProject
Project("{2150E333-8FDC-42A3-9474-1A3956D46DE8}") = "Data", "Data", "{B819FDE1-41F7-4E39-81AF-E13E6F110202}"
EndProject
Project("{2150E333-8FDC-42A3-9474-1A3956D46DE8}") = "Mapping", "Mapping", "{5BB055F6-D4E9-46CE-B8C4-AD7265ED7789}"
EndProject
Project("{2150E333-8FDC-42A3-9474-1A3956D46DE8}") = "Gateway", "Gateway", "{33A8BED1-2DE2-4FED-B70E-7A09CB0BEFA1}"
EndProject
Project("{2150E333-8FDC-42A3-9474-1A3956D46DE8}") = "Services", "Services", "{907D4086-952C-408A-AE6A-BDCB1074FA91}"
EndProject
Project("{9A19103F-16F7-4668-BE54-9A1E7A4F7556}") = "IdentityMicroservice", "IdentityMicroservice\IdentityMicroservice.csproj", "{46854B20-9A89-4548-9F3D-E4218A4922D8}"
EndProject
Project("{9A19103F-16F7-4668-BE54-9A1E7A4F7556}") = "AdminMicroservice", "AdminMicroservice\AdminMicroservice.csproj", "{4B3E2252-754D-4F0A-89D3-E9B36DC887A4}"
EndProject
Project("{9A19103F-16F7-4668-BE54-9A1E7A4F7556}") = "Shared", "Shared\Shared.csproj", "{D3323D9C-AD4E-4E95-A608-3117B5162A19}"
EndProject
Project("{9A19103F-16F7-4668-BE54-9A1E7A4F7556}") = "CustomerMicroservice", "CustomerMicroservice\CustomerMicroservice.csproj", "{2219D8C6-E0F6-45C8-97FA-B6A837A37865}"
EndProject
Project("{9A19103F-16F7-4668-BE54-9A1E7A4F7556}") = "APIGateWay", "APIGateWay\APIGateWay.csproj", "{020B4188-0BD8-4CF9-BF31-73E273A079DD}"
EndProject
Project("{2150E333-8FDC-42A3-9474-1A3956D46DE8}") = "Control", "Control", "{B88AEAC4-3F28-4A36-9F0C-5DEED304F58E}"
EndProject
Project("{9A19103F-16F7-4668-BE54-9A1E7A4F7556}") = "Suppliers.Api", "Suppliers.Api\Suppliers.Api.csproj", "{233F7B50-ACDD-4D0E-9F0E-FF50089C4BE5}"
EndProject
Project("{9A19103F-16F7-4668-BE54-9A1E7A4F7556}") = "Payments.Api", "Payments.Api\Payments.Api.csproj", "{27543D01-D478-4BE6-95BE-AB870AE267D7}"
EndProject
Project("{9A19103F-16F7-4668-BE54-9A1E7A4F7556}") = "Accounting.Api", "Accounting.Api\Accounting.Api.csproj", "{8B361EEC-5FCA-4727-8622-199D234BE4AA}"
EndProject
Project("{9A19103F-16F7-4668-BE54-9A1E7A4F7556}") = "InventoryMicroservice", "InventoryMicroservice\InventoryMicroservice.csproj", "{85890638-46E3-47F5-A79B-756F9B49544B}"
EndProject
Project("{9A19103F-16F7-4668-BE54-9A1E7A4F7556}") = "OrderMicroservice", "OrderMicroservice\OrderMicroservice.csproj", "{47BEAD90-2560-4007-8AA3-B729915BA945}"
EndProject
Global
	GlobalSection(SolutionConfigurationPlatforms) = preSolution
		Debug|Any CPU = Debug|Any CPU
		Release|Any CPU = Release|Any CPU
	EndGlobalSection
	GlobalSection(ProjectConfigurationPlatforms) = postSolution
		{46854B20-9A89-4548-9F3D-E4218A4922D8}.Debug|Any CPU.ActiveCfg = Debug|Any CPU
		{46854B20-9A89-4548-9F3D-E4218A4922D8}.Debug|Any CPU.Build.0 = Debug|Any CPU
		{46854B20-9A89-4548-9F3D-E4218A4922D8}.Release|Any CPU.ActiveCfg = Release|Any CPU
		{46854B20-9A89-4548-9F3D-E4218A4922D8}.Release|Any CPU.Build.0 = Release|Any CPU
		{4B3E2252-754D-4F0A-89D3-E9B36DC887A4}.Debug|Any CPU.ActiveCfg = Debug|Any CPU
		{4B3E2252-754D-4F0A-89D3-E9B36DC887A4}.Debug|Any CPU.Build.0 = Debug|Any CPU
		{4B3E2252-754D-4F0A-89D3-E9B36DC887A4}.Release|Any CPU.ActiveCfg = Release|Any CPU
		{4B3E2252-754D-4F0A-89D3-E9B36DC887A4}.Release|Any CPU.Build.0 = Release|Any CPU
		{D3323D9C-AD4E-4E95-A608-3117B5162A19}.Debug|Any CPU.ActiveCfg = Debug|Any CPU
		{D3323D9C-AD4E-4E95-A608-3117B5162A19}.Debug|Any CPU.Build.0 = Debug|Any CPU
		{D3323D9C-AD4E-4E95-A608-3117B5162A19}.Release|Any CPU.ActiveCfg = Release|Any CPU
		{D3323D9C-AD4E-4E95-A608-3117B5162A19}.Release|Any CPU.Build.0 = Release|Any CPU
		{2219D8C6-E0F6-45C8-97FA-B6A837A37865}.Debug|Any CPU.ActiveCfg = Debug|Any CPU
		{2219D8C6-E0F6-45C8-97FA-B6A837A37865}.Debug|Any CPU.Build.0 = Debug|Any CPU
		{2219D8C6-E0F6-45C8-97FA-B6A837A37865}.Release|Any CPU.ActiveCfg = Release|Any CPU
		{2219D8C6-E0F6-45C8-97FA-B6A837A37865}.Release|Any CPU.Build.0 = Release|Any CPU
		{020B4188-0BD8-4CF9-BF31-73E273A079DD}.Debug|Any CPU.ActiveCfg = Debug|Any CPU
		{020B4188-0BD8-4CF9-BF31-73E273A079DD}.Debug|Any CPU.Build.0 = Debug|Any CPU
		{020B4188-0BD8-4CF9-BF31-73E273A079DD}.Release|Any CPU.ActiveCfg = Release|Any CPU
		{020B4188-0BD8-4CF9-BF31-73E273A079DD}.Release|Any CPU.Build.0 = Release|Any CPU
		{233F7B50-ACDD-4D0E-9F0E-FF50089C4BE5}.Debug|Any CPU.ActiveCfg = Debug|Any CPU
		{233F7B50-ACDD-4D0E-9F0E-FF50089C4BE5}.Debug|Any CPU.Build.0 = Debug|Any CPU
		{233F7B50-ACDD-4D0E-9F0E-FF50089C4BE5}.Release|Any CPU.ActiveCfg = Release|Any CPU
		{233F7B50-ACDD-4D0E-9F0E-FF50089C4BE5}.Release|Any CPU.Build.0 = Release|Any CPU
		{27543D01-D478-4BE6-95BE-AB870AE267D7}.Debug|Any CPU.ActiveCfg = Debug|Any CPU
		{27543D01-D478-4BE6-95BE-AB870AE267D7}.Debug|Any CPU.Build.0 = Debug|Any CPU
		{27543D01-D478-4BE6-95BE-AB870AE267D7}.Release|Any CPU.ActiveCfg = Release|Any CPU
		{27543D01-D478-4BE6-95BE-AB870AE267D7}.Release|Any CPU.Build.0 = Release|Any CPU
		{8B361EEC-5FCA-4727-8622-199D234BE4AA}.Debug|Any CPU.ActiveCfg = Debug|Any CPU
		{8B361EEC-5FCA-4727-8622-199D234BE4AA}.Debug|Any CPU.Build.0 = Debug|Any CPU
		{8B361EEC-5FCA-4727-8622-199D234BE4AA}.Release|Any CPU.ActiveCfg = Release|Any CPU
		{8B361EEC-5FCA-4727-8622-199D234BE4AA}.Release|Any CPU.Build.0 = Release|Any CPU
		{85890638-46E3-47F5-A79B-756F9B49544B}.Debug|Any CPU.ActiveCfg = Debug|Any CPU
		{85890638-46E3-47F5-A79B-756F9B49544B}.Debug|Any CPU.Build.0 = Debug|Any CPU
		{85890638-46E3-47F5-A79B-756F9B49544B}.Release|Any CPU.ActiveCfg = Release|Any CPU
		{85890638-46E3-47F5-A79B-756F9B49544B}.Release|Any CPU.Build.0 = Release|Any CPU
		{47BEAD90-2560-4007-8AA3-B729915BA945}.Debug|Any CPU.ActiveCfg = Debug|Any CPU
		{47BEAD90-2560-4007-8AA3-B729915BA945}.Debug|Any CPU.Build.0 = Debug|Any CPU
		{47BEAD90-2560-4007-8AA3-B729915BA945}.Release|Any CPU.ActiveCfg = Release|Any CPU
		{47BEAD90-2560-4007-8AA3-B729915BA945}.Release|Any CPU.Build.0 = Release|Any CPU
	EndGlobalSection
	GlobalSection(SolutionProperties) = preSolution
		HideSolutionNode = FALSE
	EndGlobalSection
	GlobalSection(NestedProjects) = preSolution
		{C8AC766C-422B-404D-9423-CE0B279CE049} = {14C50F07-725D-4C5E-9E1B-0BF83FE8CA44}
		{B819FDE1-41F7-4E39-81AF-E13E6F110202} = {C8AC766C-422B-404D-9423-CE0B279CE049}
		{5BB055F6-D4E9-46CE-B8C4-AD7265ED7789} = {C8AC766C-422B-404D-9423-CE0B279CE049}
		{33A8BED1-2DE2-4FED-B70E-7A09CB0BEFA1} = {14C50F07-725D-4C5E-9E1B-0BF83FE8CA44}
		{907D4086-952C-408A-AE6A-BDCB1074FA91} = {14C50F07-725D-4C5E-9E1B-0BF83FE8CA44}
		{46854B20-9A89-4548-9F3D-E4218A4922D8} = {907D4086-952C-408A-AE6A-BDCB1074FA91}
		{4B3E2252-754D-4F0A-89D3-E9B36DC887A4} = {907D4086-952C-408A-AE6A-BDCB1074FA91}
		{D3323D9C-AD4E-4E95-A608-3117B5162A19} = {C8AC766C-422B-404D-9423-CE0B279CE049}
		{2219D8C6-E0F6-45C8-97FA-B6A837A37865} = {907D4086-952C-408A-AE6A-BDCB1074FA91}
		{020B4188-0BD8-4CF9-BF31-73E273A079DD} = {33A8BED1-2DE2-4FED-B70E-7A09CB0BEFA1}
		{B88AEAC4-3F28-4A36-9F0C-5DEED304F58E} = {ECF65B04-5A71-4BEB-A8B8-E5FF2C72E4EC}
		{233F7B50-ACDD-4D0E-9F0E-FF50089C4BE5} = {907D4086-952C-408A-AE6A-BDCB1074FA91}
		{27543D01-D478-4BE6-95BE-AB870AE267D7} = {907D4086-952C-408A-AE6A-BDCB1074FA91}
		{8B361EEC-5FCA-4727-8622-199D234BE4AA} = {907D4086-952C-408A-AE6A-BDCB1074FA91}
		{85890638-46E3-47F5-A79B-756F9B49544B} = {907D4086-952C-408A-AE6A-BDCB1074FA91}
		{47BEAD90-2560-4007-8AA3-B729915BA945} = {907D4086-952C-408A-AE6A-BDCB1074FA91}
	EndGlobalSection
	GlobalSection(ExtensibilityGlobals) = postSolution
		SolutionGuid = {203098A1-FB8C-434B-84D6-4EDC51B52F89}
	EndGlobalSection
EndGlobal
